
Microsoft Visual Studio Solution File, Format Version 12.00
# Visual Studio Version 16
VisualStudioVersion = 16.0.31402.337
MinimumVisualStudioVersion = 10.0.40219.1
Project("{9A19103F-16F7-4668-BE54-9A1E7A4F7556}") = "Cherry", "Cherry\Cherry.csproj", "{49467F16-ACA6-4628-81E6-04BB4AD3EA3A}"
EndProject
Project("{9A19103F-16F7-4668-BE54-9A1E7A4F7556}") = "Cherry.Tests", "Cherry.Tests\Cherry.Tests.csproj", "{7F102F3B-E13A-4C8E-B306-242794F32060}"
EndProject
Project("{2150E333-8FDC-42A3-9474-1A3956D46DE8}") = "Solution Items", "Solution Items", "{CCF70E1D-59F6-40B1-88B5-476E0F1C2430}"
	ProjectSection(SolutionItems) = preProject
		.editorconfig = .editorconfig
	EndProjectSection
EndProject
Project("{FAE04EC0-301F-11D3-BF4B-00C04F79EFBC}") = "Cherry.Benchmarks", "Cherry.Benchmarks\Cherry.Benchmarks.csproj", "{613B0737-ED08-4A56-8139-3A308E5B98D4}"
EndProject
Project("{FAE04EC0-301F-11D3-BF4B-00C04F79EFBC}") = "Cherry.Examples", "Cherry.Examples\Cherry.Examples.csproj", "{074BEEB4-00C7-42B2-85DF-CC6FF25DF29E}"
EndProject
Global
	GlobalSection(SolutionConfigurationPlatforms) = preSolution
		Debug|Any CPU = Debug|Any CPU
		Release|Any CPU = Release|Any CPU
	EndGlobalSection
	GlobalSection(ProjectConfigurationPlatforms) = postSolution
		{49467F16-ACA6-4628-81E6-04BB4AD3EA3A}.Debug|Any CPU.ActiveCfg = Debug|Any CPU
		{49467F16-ACA6-4628-81E6-04BB4AD3EA3A}.Debug|Any CPU.Build.0 = Debug|Any CPU
		{49467F16-ACA6-4628-81E6-04BB4AD3EA3A}.Release|Any CPU.ActiveCfg = Release|Any CPU
		{49467F16-ACA6-4628-81E6-04BB4AD3EA3A}.Release|Any CPU.Build.0 = Release|Any CPU
		{7F102F3B-E13A-4C8E-B306-242794F32060}.Debug|Any CPU.ActiveCfg = Debug|Any CPU
		{7F102F3B-E13A-4C8E-B306-242794F32060}.Debug|Any CPU.Build.0 = Debug|Any CPU
		{7F102F3B-E13A-4C8E-B306-242794F32060}.Release|Any CPU.ActiveCfg = Release|Any CPU
		{7F102F3B-E13A-4C8E-B306-242794F32060}.Release|Any CPU.Build.0 = Release|Any CPU
		{613B0737-ED08-4A56-8139-3A308E5B98D4}.Debug|Any CPU.ActiveCfg = Debug|Any CPU
		{613B0737-ED08-4A56-8139-3A308E5B98D4}.Debug|Any CPU.Build.0 = Debug|Any CPU
		{613B0737-ED08-4A56-8139-3A308E5B98D4}.Release|Any CPU.ActiveCfg = Release|Any CPU
		{613B0737-ED08-4A56-8139-3A308E5B98D4}.Release|Any CPU.Build.0 = Release|Any CPU
		{074BEEB4-00C7-42B2-85DF-CC6FF25DF29E}.Debug|Any CPU.ActiveCfg = Debug|Any CPU
		{074BEEB4-00C7-42B2-85DF-CC6FF25DF29E}.Debug|Any CPU.Build.0 = Debug|Any CPU
		{074BEEB4-00C7-42B2-85DF-CC6FF25DF29E}.Release|Any CPU.ActiveCfg = Release|Any CPU
		{074BEEB4-00C7-42B2-85DF-CC6FF25DF29E}.Release|Any CPU.Build.0 = Release|Any CPU
	EndGlobalSection
	GlobalSection(SolutionProperties) = preSolution
		HideSolutionNode = FALSE
	EndGlobalSection
	GlobalSection(ExtensibilityGlobals) = postSolution
		SolutionGuid = {0E2F958C-95FB-4D89-BB42-718E3A0A0BD7}
	EndGlobalSection
	GlobalSection(MonoDevelopProperties) = preSolution
		description = This library provides some collections which are not present in the .Net SDK.
		Policies = $0
		$0.TextStylePolicy = $3
	EndGlobalSection
EndGlobal
